
Microsoft Visual Studio Solution File, Format Version 12.00
# Visual Studio Version 16
VisualStudioVersion = 16.0.31624.102
MinimumVisualStudioVersion = 10.0.40219.1
Project("{FAE04EC0-301F-11D3-BF4B-00C04F79EFBC}") = "SistemaGerenciadorSTFolha", "SistemaGerenciadorSTFolha.csproj", "{AF64817B-0B2D-4BBE-A690-BFE8FE2F55A7}"
EndProject
Global
	GlobalSection(SolutionConfigurationPlatforms) = preSolution
		Debug|Any CPU = Debug|Any CPU
		Release|Any CPU = Release|Any CPU
	EndGlobalSection
	GlobalSection(ProjectConfigurationPlatforms) = postSolution
		{AF64817B-0B2D-4BBE-A690-BFE8FE2F55A7}.Debug|Any CPU.ActiveCfg = Debug|Any CPU
		{AF64817B-0B2D-4BBE-A690-BFE8FE2F55A7}.Debug|Any CPU.Build.0 = Debug|Any CPU
		{AF64817B-0B2D-4BBE-A690-BFE8FE2F55A7}.Release|Any CPU.ActiveCfg = Release|Any CPU
		{AF64817B-0B2D-4BBE-A690-BFE8FE2F55A7}.Release|Any CPU.Build.0 = Release|Any CPU
	EndGlobalSection
	GlobalSection(SolutionProperties) = preSolution
		HideSolutionNode = FALSE
	EndGlobalSection
	GlobalSection(ExtensibilityGlobals) = postSolution
		SolutionGuid = {8E0D8A4B-AE91-4DAB-8D60-F586B6FB7AF3}
	EndGlobalSection
EndGlobal
